
Microsoft Visual Studio Solution File, Format Version 12.00
# Visual Studio Version 16
VisualStudioVersion = 16.0.30907.101
MinimumVisualStudioVersion = 10.0.40219.1
Project("{FAE04EC0-301F-11D3-BF4B-00C04F79EFBC}") = "IC_lab_1", "IC_lab_1.csproj", "{748EA29E-692A-4C89-8FF4-D40336E0B80C}"
EndProject
Global
	GlobalSection(SolutionConfigurationPlatforms) = preSolution
		Debug|Any CPU = Debug|Any CPU
		Release|Any CPU = Release|Any CPU
	EndGlobalSection
	GlobalSection(ProjectConfigurationPlatforms) = postSolution
		{748EA29E-692A-4C89-8FF4-D40336E0B80C}.Debug|Any CPU.ActiveCfg = Debug|Any CPU
		{748EA29E-692A-4C89-8FF4-D40336E0B80C}.Debug|Any CPU.Build.0 = Debug|Any CPU
		{748EA29E-692A-4C89-8FF4-D40336E0B80C}.Release|Any CPU.ActiveCfg = Release|Any CPU
		{748EA29E-692A-4C89-8FF4-D40336E0B80C}.Release|Any CPU.Build.0 = Release|Any CPU
	EndGlobalSection
	GlobalSection(SolutionProperties) = preSolution
		HideSolutionNode = FALSE
	EndGlobalSection
	GlobalSection(ExtensibilityGlobals) = postSolution
		SolutionGuid = {C3173669-A6EA-4ABF-8EBB-804C4C98F17E}
	EndGlobalSection
EndGlobal
